// I am unsure as to why there is a /frontend directory in your /backend directory, those should be separated according to the project structure.
// Given that this seems like a necessary file, considering moving it to a more appropriate location, if required/necessary. Otherwise, please regard my comment :).
{
  "name": "frontend",
  "lockfileVersion": 3,
  "requires": true,
  "packages": {}
}
